
Microsoft Visual Studio Solution File, Format Version 12.00
# Visual Studio 2013
VisualStudioVersion = 12.0.21005.1
MinimumVisualStudioVersion = 10.0.40219.1
Project("{8BC9CEB8-8B4A-11D0-8D11-00A0C91BC942}") = "Console", "Projects\Other\Console\Console.vcxproj", "{097B4020-4455-4626-ADC9-A42F856E3E40}"
EndProject
Global
	GlobalSection(SolutionConfigurationPlatforms) = preSolution
		Debug|Win32 = Debug|Win32
		Release|Win32 = Release|Win32
	EndGlobalSection
	GlobalSection(ProjectConfigurationPlatforms) = postSolution
		{097B4020-4455-4626-ADC9-A42F856E3E40}.Debug|Win32.ActiveCfg = Debug|Win32
		{097B4020-4455-4626-ADC9-A42F856E3E40}.Debug|Win32.Build.0 = Debug|Win32
		{097B4020-4455-4626-ADC9-A42F856E3E40}.Release|Win32.ActiveCfg = Release|Win32
		{097B4020-4455-4626-ADC9-A42F856E3E40}.Release|Win32.Build.0 = Release|Win32
	EndGlobalSection
	GlobalSection(SolutionProperties) = preSolution
		HideSolutionNode = FALSE
	EndGlobalSection
EndGlobal
