
Microsoft Visual Studio Solution File, Format Version 12.00
# Visual Studio 2013
VisualStudioVersion = 12.0.21005.1
MinimumVisualStudioVersion = 10.0.40219.1
Project("{8BC9CEB8-8B4A-11D0-8D11-00A0C91BC942}") = "Console", "Projects\Other\Console\Console.vcxproj", "{097B4020-4455-4626-ADC9-A42F856E3E40}"
	ProjectSection(ProjectDependencies) = postProject
		{340D3A52-34AD-4F42-8510-3DB4C26F5055} = {340D3A52-34AD-4F42-8510-3DB4C26F5055}
		{F45C726C-0A1C-42F4-8548-02D21842C790} = {F45C726C-0A1C-42F4-8548-02D21842C790}
	EndProjectSection
EndProject
Project("{2150E333-8FDC-42A3-9474-1A3956D46DE8}") = "Other", "Other", "{EF1E9EA3-9295-4D80-B53A-EEA51BA510DF}"
EndProject
Project("{2150E333-8FDC-42A3-9474-1A3956D46DE8}") = "Libraries", "Libraries", "{A1AA7846-A6CA-45EE-96E6-DADA5F594864}"
EndProject
Project("{8BC9CEB8-8B4A-11D0-8D11-00A0C91BC942}") = "Common", "Projects\Libraries\Common\Common.vcxproj", "{340D3A52-34AD-4F42-8510-3DB4C26F5055}"
EndProject
Project("{8BC9CEB8-8B4A-11D0-8D11-00A0C91BC942}") = "Vulkan", "Projects\Libraries\Vulkan\Vulkan.vcxproj", "{F45C726C-0A1C-42F4-8548-02D21842C790}"
	ProjectSection(ProjectDependencies) = postProject
		{340D3A52-34AD-4F42-8510-3DB4C26F5055} = {340D3A52-34AD-4F42-8510-3DB4C26F5055}
	EndProjectSection
EndProject
Project("{2150E333-8FDC-42A3-9474-1A3956D46DE8}") = "Examples", "Examples", "{53F535C9-5337-4F23-9D99-CF41A3F48CE3}"
EndProject
Project("{8BC9CEB8-8B4A-11D0-8D11-00A0C91BC942}") = "Functions_Triangle", "Projects\Examples\Functions_Triangle\Functions_Triangle.vcxproj", "{AC79B470-9D24-4ADF-86E9-063338557E98}"
EndProject
Project("{2150E333-8FDC-42A3-9474-1A3956D46DE8}") = "Issues", "Issues", "{E341B2C0-60D6-4E7B-AC73-5CC2211572D3}"
EndProject
Project("{8BC9CEB8-8B4A-11D0-8D11-00A0C91BC942}") = "EmptyCommandPool", "Projects\Issues\EmptyCommandPool\EmptyCommandPool.vcxproj", "{9693E684-C675-4673-AF78-6CF1EB3F48CF}"
EndProject
Project("{8BC9CEB8-8B4A-11D0-8D11-00A0C91BC942}") = "Functions_EmptyScreen", "Projects\Examples\Functions_EmptyScreen\Functions_EmptyScreen.vcxproj", "{4F6E8DB0-915B-4664-A31B-48719F902F1E}"
	ProjectSection(ProjectDependencies) = postProject
		{340D3A52-34AD-4F42-8510-3DB4C26F5055} = {340D3A52-34AD-4F42-8510-3DB4C26F5055}
		{F45C726C-0A1C-42F4-8548-02D21842C790} = {F45C726C-0A1C-42F4-8548-02D21842C790}
	EndProjectSection
EndProject
Project("{8BC9CEB8-8B4A-11D0-8D11-00A0C91BC942}") = "Functions_Quad", "Projects\Examples\Functions_Quad\Functions_Quad.vcxproj", "{22F1A949-9E99-4FFB-9B04-8DCD3062997C}"
	ProjectSection(ProjectDependencies) = postProject
		{340D3A52-34AD-4F42-8510-3DB4C26F5055} = {340D3A52-34AD-4F42-8510-3DB4C26F5055}
		{F45C726C-0A1C-42F4-8548-02D21842C790} = {F45C726C-0A1C-42F4-8548-02D21842C790}
	EndProjectSection
EndProject
Global
	GlobalSection(SolutionConfigurationPlatforms) = preSolution
		Debug|Win32 = Debug|Win32
		Release|Win32 = Release|Win32
	EndGlobalSection
	GlobalSection(ProjectConfigurationPlatforms) = postSolution
		{097B4020-4455-4626-ADC9-A42F856E3E40}.Debug|Win32.ActiveCfg = Debug|Win32
		{097B4020-4455-4626-ADC9-A42F856E3E40}.Debug|Win32.Build.0 = Debug|Win32
		{097B4020-4455-4626-ADC9-A42F856E3E40}.Release|Win32.ActiveCfg = Release|Win32
		{097B4020-4455-4626-ADC9-A42F856E3E40}.Release|Win32.Build.0 = Release|Win32
		{340D3A52-34AD-4F42-8510-3DB4C26F5055}.Debug|Win32.ActiveCfg = Debug|Win32
		{340D3A52-34AD-4F42-8510-3DB4C26F5055}.Debug|Win32.Build.0 = Debug|Win32
		{340D3A52-34AD-4F42-8510-3DB4C26F5055}.Release|Win32.ActiveCfg = Release|Win32
		{340D3A52-34AD-4F42-8510-3DB4C26F5055}.Release|Win32.Build.0 = Release|Win32
		{F45C726C-0A1C-42F4-8548-02D21842C790}.Debug|Win32.ActiveCfg = Debug|Win32
		{F45C726C-0A1C-42F4-8548-02D21842C790}.Debug|Win32.Build.0 = Debug|Win32
		{F45C726C-0A1C-42F4-8548-02D21842C790}.Release|Win32.ActiveCfg = Release|Win32
		{F45C726C-0A1C-42F4-8548-02D21842C790}.Release|Win32.Build.0 = Release|Win32
		{AC79B470-9D24-4ADF-86E9-063338557E98}.Debug|Win32.ActiveCfg = Debug|Win32
		{AC79B470-9D24-4ADF-86E9-063338557E98}.Debug|Win32.Build.0 = Debug|Win32
		{AC79B470-9D24-4ADF-86E9-063338557E98}.Release|Win32.ActiveCfg = Release|Win32
		{AC79B470-9D24-4ADF-86E9-063338557E98}.Release|Win32.Build.0 = Release|Win32
		{9693E684-C675-4673-AF78-6CF1EB3F48CF}.Debug|Win32.ActiveCfg = Debug|Win32
		{9693E684-C675-4673-AF78-6CF1EB3F48CF}.Debug|Win32.Build.0 = Debug|Win32
		{9693E684-C675-4673-AF78-6CF1EB3F48CF}.Release|Win32.ActiveCfg = Release|Win32
		{9693E684-C675-4673-AF78-6CF1EB3F48CF}.Release|Win32.Build.0 = Release|Win32
		{4F6E8DB0-915B-4664-A31B-48719F902F1E}.Debug|Win32.ActiveCfg = Debug|Win32
		{4F6E8DB0-915B-4664-A31B-48719F902F1E}.Debug|Win32.Build.0 = Debug|Win32
		{4F6E8DB0-915B-4664-A31B-48719F902F1E}.Release|Win32.ActiveCfg = Release|Win32
		{4F6E8DB0-915B-4664-A31B-48719F902F1E}.Release|Win32.Build.0 = Release|Win32
		{22F1A949-9E99-4FFB-9B04-8DCD3062997C}.Debug|Win32.ActiveCfg = Debug|Win32
		{22F1A949-9E99-4FFB-9B04-8DCD3062997C}.Debug|Win32.Build.0 = Debug|Win32
		{22F1A949-9E99-4FFB-9B04-8DCD3062997C}.Release|Win32.ActiveCfg = Release|Win32
		{22F1A949-9E99-4FFB-9B04-8DCD3062997C}.Release|Win32.Build.0 = Release|Win32
	EndGlobalSection
	GlobalSection(SolutionProperties) = preSolution
		HideSolutionNode = FALSE
	EndGlobalSection
	GlobalSection(NestedProjects) = preSolution
		{097B4020-4455-4626-ADC9-A42F856E3E40} = {EF1E9EA3-9295-4D80-B53A-EEA51BA510DF}
		{340D3A52-34AD-4F42-8510-3DB4C26F5055} = {A1AA7846-A6CA-45EE-96E6-DADA5F594864}
		{F45C726C-0A1C-42F4-8548-02D21842C790} = {A1AA7846-A6CA-45EE-96E6-DADA5F594864}
		{AC79B470-9D24-4ADF-86E9-063338557E98} = {53F535C9-5337-4F23-9D99-CF41A3F48CE3}
		{4F6E8DB0-915B-4664-A31B-48719F902F1E} = {53F535C9-5337-4F23-9D99-CF41A3F48CE3}
		{22F1A949-9E99-4FFB-9B04-8DCD3062997C} = {53F535C9-5337-4F23-9D99-CF41A3F48CE3}
		{9693E684-C675-4673-AF78-6CF1EB3F48CF} = {E341B2C0-60D6-4E7B-AC73-5CC2211572D3}
	EndGlobalSection
EndGlobal
